// !$*UTF8*$!
{
	archiveVersion = 1;
	classes = {
	};
	objectVersion = 77;
	objects = {

/* Begin PBXContainerItemProxy section */
		80EEA1022E8AB11500E7BA89 /* PBXContainerItemProxy */ = {
			isa = PBXContainerItemProxy;
			containerPortal = 80EEA0EC2E8AB11400E7BA89 /* Project object */;
			proxyType = 1;
			remoteGlobalIDString = 80EEA0F32E8AB11400E7BA89;
			remoteInfo = PhotoPickerApp;
		};
		80EEA10C2E8AB11500E7BA89 /* PBXContainerItemProxy */ = {
			isa = PBXContainerItemProxy;
			containerPortal = 80EEA0EC2E8AB11400E7BA89 /* Project object */;
			proxyType = 1;
			remoteGlobalIDString = 80EEA0F32E8AB11400E7BA89;
			remoteInfo = PhotoPickerApp;
		};
/* End PBXContainerItemProxy section */

/* Begin PBXFileReference section */
		80EEA0F42E8AB11400E7BA89 /* PhotoPickerApp.app */ = {isa = PBXFileReference; explicitFileType = wrapper.application; includeInIndex = 0; path = PhotoPickerApp.app; sourceTree = BUILT_PRODUCTS_DIR; };
		80EEA1012E8AB11500E7BA89 /* PhotoPickerAppTests.xctest */ = {isa = PBXFileReference; explicitFileType = wrapper.cfbundle; includeInIndex = 0; path = PhotoPickerAppTests.xctest; sourceTree = BUILT_PRODUCTS_DIR; };
		80EEA10B2E8AB11500E7BA89 /* PhotoPickerAppUITests.xctest */ = {isa = PBXFileReference; explicitFileType = wrapper.cfbundle; includeInIndex = 0; path = PhotoPickerAppUITests.xctest; sourceTree = BUILT_PRODUCTS_DIR; };
/* End PBXFileReference section */

/* Begin PBXFileSystemSynchronizedBuildFileExceptionSet section */
		80EEA11F2E8ABE2D00E7BA89 /* Exceptions for "PhotoPickerApp" folder in "PhotoPickerApp" target */ = {
			isa = PBXFileSystemSynchronizedBuildFileExceptionSet;
			membershipExceptions = (
				Info.plist,
			);
			target = 80EEA0F32E8AB11400E7BA89 /* PhotoPickerApp */;
		};
/* End PBXFileSystemSynchronizedBuildFileExceptionSet section */

/* Begin PBXFileSystemSynchronizedRootGroup section */
		80EEA0F62E8AB11400E7BA89 /* PhotoPickerApp */ = {
			isa = PBXFileSystemSynchronizedRootGroup;
			exceptions = (
				80EEA11F2E8ABE2D00E7BA89 /* Exceptions for "PhotoPickerApp" folder in "PhotoPickerApp" target */,
			);
			path = PhotoPickerApp;
			sourceTree = "<group>";
		};
		80EEA1042E8AB11500E7BA89 /* PhotoPickerAppTests */ = {
			isa = PBXFileSystemSynchronizedRootGroup;
			path = PhotoPickerAppTests;
			sourceTree = "<group>";
		};
		80EEA10E2E8AB11500E7BA89 /* PhotoPickerAppUITests */ = {
			isa = PBXFileSystemSynchronizedRootGroup;
			path = PhotoPickerAppUITests;
			sourceTree = "<group>";
		};
/* End PBXFileSystemSynchronizedRootGroup section */

/* Begin PBXFrameworksBuildPhase section */
		80EEA0F12E8AB11400E7BA89 /* Frameworks */ = {
			isa = PBXFrameworksBuildPhase;
			buildActionMask = 2147483647;
			files = (
			);
			runOnlyForDeploymentPostprocessing = 0;
		};
		80EEA0FE2E8AB11500E7BA89 /* Frameworks */ = {
			isa = PBXFrameworksBuildPhase;
			buildActionMask = 2147483647;
			files = (
			);
			runOnlyForDeploymentPostprocessing = 0;
		};
		80EEA1082E8AB11500E7BA89 /* Frameworks */ = {
			isa = PBXFrameworksBuildPhase;
			buildActionMask = 2147483647;
			files = (
			);
			runOnlyForDeploymentPostprocessing = 0;
		};
/* End PBXFrameworksBuildPhase section */

/* Begin PBXGroup section */
		80EEA0EB2E8AB11400E7BA89 = {
			isa = PBXGroup;
			children = (
				80EEA0F62E8AB11400E7BA89 /* PhotoPickerApp */,
				80EEA1042E8AB11500E7BA89 /* PhotoPickerAppTests */,
				80EEA10E2E8AB11500E7BA89 /* PhotoPickerAppUITests */,
				80EEA0F52E8AB11400E7BA89 /* Products */,
			);
			sourceTree = "<group>";
		};
		80EEA0F52E8AB11400E7BA89 /* Products */ = {
			isa = PBXGroup;
			children = (
				80EEA0F42E8AB11400E7BA89 /* PhotoPickerApp.app */,
				80EEA1012E8AB11500E7BA89 /* PhotoPickerAppTests.xctest */,
				80EEA10B2E8AB11500E7BA89 /* PhotoPickerAppUITests.xctest */,
			);
			name = Products;
			sourceTree = "<group>";
		};
/* End PBXGroup section */

/* Begin PBXNativeTarget section */
		80EEA0F32E8AB11400E7BA89 /* PhotoPickerApp */ = {
			isa = PBXNativeTarget;
			buildConfigurationList = 80EEA1152E8AB11500E7BA89 /* Build configuration list for PBXNativeTarget "PhotoPickerApp" */;
			buildPhases = (
				80EEA0F02E8AB11400E7BA89 /* Sources */,
				80EEA0F12E8AB11400E7BA89 /* Frameworks */,
				80EEA0F22E8AB11400E7BA89 /* Resources */,
			);
			buildRules = (
			);
			dependencies = (
			);
			fileSystemSynchronizedGroups = (
				80EEA0F62E8AB11400E7BA89 /* PhotoPickerApp */,
			);
			name = PhotoPickerApp;
			packageProductDependencies = (
			);
			productName = PhotoPickerApp;
			productReference = 80EEA0F42E8AB11400E7BA89 /* PhotoPickerApp.app */;
			productType = "com.apple.product-type.application";
		};
		80EEA1002E8AB11500E7BA89 /* PhotoPickerAppTests */ = {
			isa = PBXNativeTarget;
			buildConfigurationList = 80EEA1182E8AB11500E7BA89 /* Build configuration list for PBXNativeTarget "PhotoPickerAppTests" */;
			buildPhases = (
				80EEA0FD2E8AB11500E7BA89 /* Sources */,
				80EEA0FE2E8AB11500E7BA89 /* Frameworks */,
				80EEA0FF2E8AB11500E7BA89 /* Resources */,
			);
			buildRules = (
			);
			dependencies = (
				80EEA1032E8AB11500E7BA89 /* PBXTargetDependency */,
			);
			fileSystemSynchronizedGroups = (
				80EEA1042E8AB11500E7BA89 /* PhotoPickerAppTests */,
			);
			name = PhotoPickerAppTests;
			packageProductDependencies = (
			);
			productName = PhotoPickerAppTests;
			productReference = 80EEA1012E8AB11500E7BA89 /* PhotoPickerAppTests.xctest */;
			productType = "com.apple.product-type.bundle.unit-test";
		};
		80EEA10A2E8AB11500E7BA89 /* PhotoPickerAppUITests */ = {
			isa = PBXNativeTarget;
			buildConfigurationList = 80EEA11B2E8AB11500E7BA89 /* Build configuration list for PBXNativeTarget "PhotoPickerAppUITests" */;
			buildPhases = (
				80EEA1072E8AB11500E7BA89 /* Sources */,
				80EEA1082E8AB11500E7BA89 /* Frameworks */,
				80EEA1092E8AB11500E7BA89 /* Resources */,
			);
			buildRules = (
			);
			dependencies = (
				80EEA10D2E8AB11500E7BA89 /* PBXTargetDependency */,
			);
			fileSystemSynchronizedGroups = (
				80EEA10E2E8AB11500E7BA89 /* PhotoPickerAppUITests */,
			);
			name = PhotoPickerAppUITests;
			packageProductDependencies = (
			);
			productName = PhotoPickerAppUITests;
			productReference = 80EEA10B2E8AB11500E7BA89 /* PhotoPickerAppUITests.xctest */;
			productType = "com.apple.product-type.bundle.ui-testing";
		};
/* End PBXNativeTarget section */

/* Begin PBXProject section */
		80EEA0EC2E8AB11400E7BA89 /* Project object */ = {
			isa = PBXProject;
			attributes = {
				BuildIndependentTargetsInParallel = 1;
				LastSwiftUpdateCheck = 1640;
				LastUpgradeCheck = 1640;
				TargetAttributes = {
					80EEA0F32E8AB11400E7BA89 = {
						CreatedOnToolsVersion = 16.4;
					};
					80EEA1002E8AB11500E7BA89 = {
						CreatedOnToolsVersion = 16.4;
						TestTargetID = 80EEA0F32E8AB11400E7BA89;
					};
					80EEA10A2E8AB11500E7BA89 = {
						CreatedOnToolsVersion = 16.4;
						TestTargetID = 80EEA0F32E8AB11400E7BA89;
					};
				};
			};
			buildConfigurationList = 80EEA0EF2E8AB11400E7BA89 /* Build configuration list for PBXProject "PhotoPickerApp" */;
			developmentRegion = en;
			hasScannedForEncodings = 0;
			knownRegions = (
				en,
				Base,
			);
			mainGroup = 80EEA0EB2E8AB11400E7BA89;
			minimizedProjectReferenceProxies = 1;
			preferredProjectObjectVersion = 77;
			productRefGroup = 80EEA0F52E8AB11400E7BA89 /* Products */;
			projectDirPath = "";
			projectRoot = "";
			targets = (
				80EEA0F32E8AB11400E7BA89 /* PhotoPickerApp */,
				80EEA1002E8AB11500E7BA89 /* PhotoPickerAppTests */,
				80EEA10A2E8AB11500E7BA89 /* PhotoPickerAppUITests */,
			);
		};
/* End PBXProject section */

/* Begin PBXResourcesBuildPhase section */
		80EEA0F22E8AB11400E7BA89 /* Resources */ = {
			isa = PBXResourcesBuildPhase;
			buildActionMask = 2147483647;
			files = (
			);
			runOnlyForDeploymentPostprocessing = 0;
		};
		80EEA0FF2E8AB11500E7BA89 /* Resources */ = {
			isa = PBXResourcesBuildPhase;
			buildActionMask = 2147483647;
			files = (
			);
			runOnlyForDeploymentPostprocessing = 0;
		};
		80EEA1092E8AB11500E7BA89 /* Resources */ = {
			isa = PBXResourcesBuildPhase;
			buildActionMask = 2147483647;
			files = (
			);
			runOnlyForDeploymentPostprocessing = 0;
		};
/* End PBXResourcesBuildPhase section */

/* Begin PBXSourcesBuildPhase section */
		80EEA0F02E8AB11400E7BA89 /* Sources */ = {
			isa = PBXSourcesBuildPhase;
			buildActionMask = 2147483647;
			files = (
			);
			runOnlyForDeploymentPostprocessing = 0;
		};
		80EEA0FD2E8AB11500E7BA89 /* Sources */ = {
			isa = PBXSourcesBuildPhase;
			buildActionMask = 2147483647;
			files = (
			);
			runOnlyForDeploymentPostprocessing = 0;
		};
		80EEA1072E8AB11500E7BA89 /* Sources */ = {
			isa = PBXSourcesBuildPhase;
			buildActionMask = 2147483647;
			files = (
			);
			runOnlyForDeploymentPostprocessing = 0;
		};
/* End PBXSourcesBuildPhase section */

/* Begin PBXTargetDependency section */
		80EEA1032E8AB11500E7BA89 /* PBXTargetDependency */ = {
			isa = PBXTargetDependency;
			target = 80EEA0F32E8AB11400E7BA89 /* PhotoPickerApp */;
			targetProxy = 80EEA1022E8AB11500E7BA89 /* PBXContainerItemProxy */;
		};
		80EEA10D2E8AB11500E7BA89 /* PBXTargetDependency */ = {
			isa = PBXTargetDependency;
			target = 80EEA0F32E8AB11400E7BA89 /* PhotoPickerApp */;
			targetProxy = 80EEA10C2E8AB11500E7BA89 /* PBXContainerItemProxy */;
		};
/* End PBXTargetDependency section */

/* Begin XCBuildConfiguration section */
		80EEA1132E8AB11500E7BA89 /* Debug */ = {
			isa = XCBuildConfiguration;
			buildSettings = {
				ALWAYS_SEARCH_USER_PATHS = NO;
				ASSETCATALOG_COMPILER_GENERATE_SWIFT_ASSET_SYMBOL_EXTENSIONS = YES;
				CLANG_ANALYZER_NONNULL = YES;
				CLANG_ANALYZER_NUMBER_OBJECT_CONVERSION = YES_AGGRESSIVE;
				CLANG_CXX_LANGUAGE_STANDARD = "gnu++20";
				CLANG_ENABLE_MODULES = YES;
				CLANG_ENABLE_OBJC_ARC = YES;
				CLANG_ENABLE_OBJC_WEAK = YES;
				CLANG_WARN_BLOCK_CAPTURE_AUTORELEASING = YES;
				CLANG_WARN_BOOL_CONVERSION = YES;
				CLANG_WARN_COMMA = YES;
				CLANG_WARN_CONSTANT_CONVERSION = YES;
				CLANG_WARN_DEPRECATED_OBJC_IMPLEMENTATIONS = YES;
				CLANG_WARN_DIRECT_OBJC_ISA_USAGE = YES_ERROR;
				CLANG_WARN_DOCUMENTATION_COMMENTS = YES;
				CLANG_WARN_EMPTY_BODY = YES;
				CLANG_WARN_ENUM_CONVERSION = YES;
				CLANG_WARN_INFINITE_RECURSION = YES;
				CLANG_WARN_INT_CONVERSION = YES;
				CLANG_WARN_NON_LITERAL_NULL_CONVERSION = YES;
				CLANG_WARN_OBJC_IMPLICIT_RETAIN_SELF = YES;
				CLANG_WARN_OBJC_LITERAL_CONVERSION = YES;
				CLANG_WARN_OBJC_ROOT_CLASS = YES_ERROR;
				CLANG_WARN_QUOTED_INCLUDE_IN_FRAMEWORK_HEADER = YES;
				CLANG_WARN_RANGE_LOOP_ANALYSIS = YES;
				CLANG_WARN_STRICT_PROTOTYPES = YES;
				CLANG_WARN_SUSPICIOUS_MOVE = YES;
				CLANG_WARN_UNGUARDED_AVAILABILITY = YES_AGGRESSIVE;
				CLANG_WARN_UNREACHABLE_CODE = YES;
				CLANG_WARN__DUPLICATE_METHOD_MATCH = YES;
				COPY_PHASE_STRIP = NO;
				DEBUG_INFORMATION_FORMAT = dwarf;
				ENABLE_STRICT_OBJC_MSGSEND = YES;
				ENABLE_TESTABILITY = YES;
				ENABLE_USER_SCRIPT_SANDBOXING = YES;
				GCC_C_LANGUAGE_STANDARD = gnu17;
				GCC_DYNAMIC_NO_PIC = NO;
				GCC_NO_COMMON_BLOCKS = YES;
				GCC_OPTIMIZATION_LEVEL = 0;
				GCC_PREPROCESSOR_DEFINITIONS = (
					"DEBUG=1",
					"$(inherited)",
				);
				GCC_WARN_64_TO_32_BIT_CONVERSION = YES;
				GCC_WARN_ABOUT_RETURN_TYPE = YES_ERROR;
				GCC_WARN_UNDECLARED_SELECTOR = YES;
				GCC_WARN_UNINITIALIZED_AUTOS = YES_AGGRESSIVE;
				GCC_WARN_UNUSED_FUNCTION = YES;
				GCC_WARN_UNUSED_VARIABLE = YES;
				IPHONEOS_DEPLOYMENT_TARGET = 18.5;
				LOCALIZATION_PREFERS_STRING_CATALOGS = YES;
				MTL_ENABLE_DEBUG_INFO = INCLUDE_SOURCE;
				MTL_FAST_MATH = YES;
				ONLY_ACTIVE_ARCH = YES;
				SDKROOT = iphoneos;
				SWIFT_ACTIVE_COMPILATION_CONDITIONS = "DEBUG $(inherited)";
				SWIFT_OPTIMIZATION_LEVEL = "-Onone";
			};
			name = Debug;
		};
		80EEA1142E8AB11500E7BA89 /* Release */ = {
			isa = XCBuildConfiguration;
			buildSettings = {
				ALWAYS_SEARCH_USER_PATHS = NO;
				ASSETCATALOG_COMPILER_GENERATE_SWIFT_ASSET_SYMBOL_EXTENSIONS = YES;
				CLANG_ANALYZER_NONNULL = YES;
				CLANG_ANALYZER_NUMBER_OBJECT_CONVERSION = YES_AGGRESSIVE;
				CLANG_CXX_LANGUAGE_STANDARD = "gnu++20";
				CLANG_ENABLE_MODULES = YES;
				CLANG_ENABLE_OBJC_ARC = YES;
				CLANG_ENABLE_OBJC_WEAK = YES;
				CLANG_WARN_BLOCK_CAPTURE_AUTORELEASING = YES;
				CLANG_WARN_BOOL_CONVERSION = YES;
				CLANG_WARN_COMMA = YES;
				CLANG_WARN_CONSTANT_CONVERSION = YES;
				CLANG_WARN_DEPRECATED_OBJC_IMPLEMENTATIONS = YES;
				CLANG_WARN_DIRECT_OBJC_ISA_USAGE = YES_ERROR;
				CLANG_WARN_DOCUMENTATION_COMMENTS = YES;
				CLANG_WARN_EMPTY_BODY = YES;
				CLANG_WARN_ENUM_CONVERSION = YES;
				CLANG_WARN_INFINITE_RECURSION = YES;
				CLANG_WARN_INT_CONVERSION = YES;
				CLANG_WARN_NON_LITERAL_NULL_CONVERSION = YES;
				CLANG_WARN_OBJC_IMPLICIT_RETAIN_SELF = YES;
				CLANG_WARN_OBJC_LITERAL_CONVERSION = YES;
				CLANG_WARN_OBJC_ROOT_CLASS = YES_ERROR;
				CLANG_WARN_QUOTED_INCLUDE_IN_FRAMEWORK_HEADER = YES;
				CLANG_WARN_RANGE_LOOP_ANALYSIS = YES;
				CLANG_WARN_STRICT_PROTOTYPES = YES;
				CLANG_WARN_SUSPICIOUS_MOVE = YES;
				CLANG_WARN_UNGUARDED_AVAILABILITY = YES_AGGRESSIVE;
				CLANG_WARN_UNREACHABLE_CODE = YES;
				CLANG_WARN__DUPLICATE_METHOD_MATCH = YES;
				COPY_PHASE_STRIP = NO;
				DEBUG_INFORMATION_FORMAT = "dwarf-with-dsym";
				ENABLE_NS_ASSERTIONS = NO;
				ENABLE_STRICT_OBJC_MSGSEND = YES;
				ENABLE_USER_SCRIPT_SANDBOXING = YES;
				GCC_C_LANGUAGE_STANDARD = gnu17;
				GCC_NO_COMMON_BLOCKS = YES;
				GCC_WARN_64_TO_32_BIT_CONVERSION = YES;
				GCC_WARN_ABOUT_RETURN_TYPE = YES_ERROR;
				GCC_WARN_UNDECLARED_SELECTOR = YES;
				GCC_WARN_UNINITIALIZED_AUTOS = YES_AGGRESSIVE;
				GCC_WARN_UNUSED_FUNCTION = YES;
				GCC_WARN_UNUSED_VARIABLE = YES;
				IPHONEOS_DEPLOYMENT_TARGET = 18.5;
				LOCALIZATION_PREFERS_STRING_CATALOGS = YES;
				MTL_ENABLE_DEBUG_INFO = NO;
				MTL_FAST_MATH = YES;
				SDKROOT = iphoneos;
				SWIFT_COMPILATION_MODE = wholemodule;
				VALIDATE_PRODUCT = YES;
			};
			name = Release;
		};
		80EEA1162E8AB11500E7BA89 /* Debug */ = {
			isa = XCBuildConfiguration;
			buildSettings = {
				ASSETCATALOG_COMPILER_APPICON_NAME = AppIcon;
				ASSETCATALOG_COMPILER_GLOBAL_ACCENT_COLOR_NAME = AccentColor;
				CODE_SIGN_STYLE = Automatic;
				CURRENT_PROJECT_VERSION = 1;
				DEVELOPMENT_TEAM = QUH29RTG32;
				ENABLE_PREVIEWS = YES;
				GENERATE_INFOPLIST_FILE = YES;
				INFOPLIST_FILE = PhotoPickerApp/Info.plist;
				INFOPLIST_KEY_NSCameraUsageDescription = "We need access to your camera to take photos.";
				INFOPLIST_KEY_NSPhotoLibraryUsageDescription = "We need access to your photo library to select photos.";
				INFOPLIST_KEY_UIApplicationSceneManifest_Generation = YES;
				INFOPLIST_KEY_UIApplicationSupportsIndirectInputEvents = YES;
				INFOPLIST_KEY_UILaunchScreen_Generation = YES;
				INFOPLIST_KEY_UISupportedInterfaceOrientations_iPad = "UIInterfaceOrientationPortrait UIInterfaceOrientationPortraitUpsideDown UIInterfaceOrientationLandscapeLeft UIInterfaceOrientationLandscapeRight";
				INFOPLIST_KEY_UISupportedInterfaceOrientations_iPhone = "UIInterfaceOrientationPortrait UIInterfaceOrientationLandscapeLeft UIInterfaceOrientationLandscapeRight";
				LD_RUNPATH_SEARCH_PATHS = (
					"$(inherited)",
					"@executable_path/Frameworks",
				);
				MARKETING_VERSION = 1.0;
				PRODUCT_BUNDLE_IDENTIFIER = com.triosdj.PhotoPickerApp;
				PRODUCT_NAME = "$(TARGET_NAME)";
				SWIFT_EMIT_LOC_STRINGS = YES;
				SWIFT_VERSION = 5.0;
				TARGETED_DEVICE_FAMILY = "1,2";
			};
			name = Debug;
		};
		80EEA1172E8AB11500E7BA89 /* Release */ = {
			isa = XCBuildConfiguration;
			buildSettings = {
				ASSETCATALOG_COMPILER_APPICON_NAME = AppIcon;
				ASSETCATALOG_COMPILER_GLOBAL_ACCENT_COLOR_NAME = AccentColor;
				CODE_SIGN_STYLE = Automatic;
				CURRENT_PROJECT_VERSION = 1;
				DEVELOPMENT_TEAM = QUH29RTG32;
				ENABLE_PREVIEWS = YES;
				GENERATE_INFOPLIST_FILE = YES;
				INFOPLIST_FILE = PhotoPickerApp/Info.plist;
				INFOPLIST_KEY_NSCameraUsageDescription = "We need access to your camera to take photos.";
				INFOPLIST_KEY_NSPhotoLibraryUsageDescription = "We need access to your photo library to select photos.";
				INFOPLIST_KEY_UIApplicationSceneManifest_Generation = YES;
				INFOPLIST_KEY_UIApplicationSupportsIndirectInputEvents = YES;
				INFOPLIST_KEY_UILaunchScreen_Generation = YES;
				INFOPLIST_KEY_UISupportedInterfaceOrientations_iPad = "UIInterfaceOrientationPortrait UIInterfaceOrientationPortraitUpsideDown UIInterfaceOrientationLandscapeLeft UIInterfaceOrientationLandscapeRight";
				INFOPLIST_KEY_UISupportedInterfaceOrientations_iPhone = "UIInterfaceOrientationPortrait UIInterfaceOrientationLandscapeLeft UIInterfaceOrientationLandscapeRight";
				LD_RUNPATH_SEARCH_PATHS = (
					"$(inherited)",
					"@executable_path/Frameworks",
				);
				MARKETING_VERSION = 1.0;
				PRODUCT_BUNDLE_IDENTIFIER = com.triosdj.PhotoPickerApp;
				PRODUCT_NAME = "$(TARGET_NAME)";
				SWIFT_EMIT_LOC_STRINGS = YES;
				SWIFT_VERSION = 5.0;
				TARGETED_DEVICE_FAMILY = "1,2";
			};
			name = Release;
		};
		80EEA1192E8AB11500E7BA89 /* Debug */ = {
			isa = XCBuildConfiguration;
			buildSettings = {
				BUNDLE_LOADER = "$(TEST_HOST)";
				CODE_SIGN_STYLE = Automatic;
				CURRENT_PROJECT_VERSION = 1;
				GENERATE_INFOPLIST_FILE = YES;
				IPHONEOS_DEPLOYMENT_TARGET = 18.5;
				MARKETING_VERSION = 1.0;
				PRODUCT_BUNDLE_IDENTIFIER = com.triosdj.PhotoPickerAppTests;
				PRODUCT_NAME = "$(TARGET_NAME)";
				SWIFT_EMIT_LOC_STRINGS = NO;
				SWIFT_VERSION = 5.0;
				TARGETED_DEVICE_FAMILY = "1,2";
				TEST_HOST = "$(BUILT_PRODUCTS_DIR)/PhotoPickerApp.app/$(BUNDLE_EXECUTABLE_FOLDER_PATH)/PhotoPickerApp";
			};
			name = Debug;
		};
		80EEA11A2E8AB11500E7BA89 /* Release */ = {
			isa = XCBuildConfiguration;
			buildSettings = {
				BUNDLE_LOADER = "$(TEST_HOST)";
				CODE_SIGN_STYLE = Automatic;
				CURRENT_PROJECT_VERSION = 1;
				GENERATE_INFOPLIST_FILE = YES;
				IPHONEOS_DEPLOYMENT_TARGET = 18.5;
				MARKETING_VERSION = 1.0;
				PRODUCT_BUNDLE_IDENTIFIER = com.triosdj.PhotoPickerAppTests;
				PRODUCT_NAME = "$(TARGET_NAME)";
				SWIFT_EMIT_LOC_STRINGS = NO;
				SWIFT_VERSION = 5.0;
				TARGETED_DEVICE_FAMILY = "1,2";
				TEST_HOST = "$(BUILT_PRODUCTS_DIR)/PhotoPickerApp.app/$(BUNDLE_EXECUTABLE_FOLDER_PATH)/PhotoPickerApp";
			};
			name = Release;
		};
		80EEA11C2E8AB11500E7BA89 /* Debug */ = {
			isa = XCBuildConfiguration;
			buildSettings = {
				CODE_SIGN_STYLE = Automatic;
				CURRENT_PROJECT_VERSION = 1;
				GENERATE_INFOPLIST_FILE = YES;
				MARKETING_VERSION = 1.0;
				PRODUCT_BUNDLE_IDENTIFIER = com.triosdj.PhotoPickerAppUITests;
				PRODUCT_NAME = "$(TARGET_NAME)";
				SWIFT_EMIT_LOC_STRINGS = NO;
				SWIFT_VERSION = 5.0;
				TARGETED_DEVICE_FAMILY = "1,2";
				TEST_TARGET_NAME = PhotoPickerApp;
			};
			name = Debug;
		};
		80EEA11D2E8AB11500E7BA89 /* Release */ = {
			isa = XCBuildConfiguration;
			buildSettings = {
				CODE_SIGN_STYLE = Automatic;
				CURRENT_PROJECT_VERSION = 1;
				GENERATE_INFOPLIST_FILE = YES;
				MARKETING_VERSION = 1.0;
				PRODUCT_BUNDLE_IDENTIFIER = com.triosdj.PhotoPickerAppUITests;
				PRODUCT_NAME = "$(TARGET_NAME)";
				SWIFT_EMIT_LOC_STRINGS = NO;
				SWIFT_VERSION = 5.0;
				TARGETED_DEVICE_FAMILY = "1,2";
				TEST_TARGET_NAME = PhotoPickerApp;
			};
			name = Release;
		};
/* End XCBuildConfiguration section */

/* Begin XCConfigurationList section */
		80EEA0EF2E8AB11400E7BA89 /* Build configuration list for PBXProject "PhotoPickerApp" */ = {
			isa = XCConfigurationList;
			buildConfigurations = (
				80EEA1132E8AB11500E7BA89 /* Debug */,
				80EEA1142E8AB11500E7BA89 /* Release */,
			);
			defaultConfigurationIsVisible = 0;
			defaultConfigurationName = Release;
		};
		80EEA1152E8AB11500E7BA89 /* Build configuration list for PBXNativeTarget "PhotoPickerApp" */ = {
			isa = XCConfigurationList;
			buildConfigurations = (
				80EEA1162E8AB11500E7BA89 /* Debug */,
				80EEA1172E8AB11500E7BA89 /* Release */,
			);
			defaultConfigurationIsVisible = 0;
			defaultConfigurationName = Release;
		};
		80EEA1182E8AB11500E7BA89 /* Build configuration list for PBXNativeTarget "PhotoPickerAppTests" */ = {
			isa = XCConfigurationList;
			buildConfigurations = (
				80EEA1192E8AB11500E7BA89 /* Debug */,
				80EEA11A2E8AB11500E7BA89 /* Release */,
			);
			defaultConfigurationIsVisible = 0;
			defaultConfigurationName = Release;
		};
		80EEA11B2E8AB11500E7BA89 /* Build configuration list for PBXNativeTarget "PhotoPickerAppUITests" */ = {
			isa = XCConfigurationList;
			buildConfigurations = (
				80EEA11C2E8AB11500E7BA89 /* Debug */,
				80EEA11D2E8AB11500E7BA89 /* Release */,
			);
			defaultConfigurationIsVisible = 0;
			defaultConfigurationName = Release;
		};
/* End XCConfigurationList section */
	};
	rootObject = 80EEA0EC2E8AB11400E7BA89 /* Project object */;
}
